
Microsoft Visual Studio Solution File, Format Version 12.00
# Visual Studio Version 16
VisualStudioVersion = 16.0.30413.136
MinimumVisualStudioVersion = 10.0.40219.1
Project("{8BC9CEB8-8B4A-11D0-8D11-00A0C91BC942}") = "EgorShatskyCAOD4", "EgorShatskyCAOD4\EgorShatskyCAOD4.vcxproj", "{2E6DC260-2244-429F-B9C8-CF8A38AE9DF5}"
EndProject
Global
	GlobalSection(SolutionConfigurationPlatforms) = preSolution
		Debug|x64 = Debug|x64
		Debug|x86 = Debug|x86
		Release|x64 = Release|x64
		Release|x86 = Release|x86
	EndGlobalSection
	GlobalSection(ProjectConfigurationPlatforms) = postSolution
		{2E6DC260-2244-429F-B9C8-CF8A38AE9DF5}.Debug|x64.ActiveCfg = Debug|x64
		{2E6DC260-2244-429F-B9C8-CF8A38AE9DF5}.Debug|x64.Build.0 = Debug|x64
		{2E6DC260-2244-429F-B9C8-CF8A38AE9DF5}.Debug|x86.ActiveCfg = Debug|Win32
		{2E6DC260-2244-429F-B9C8-CF8A38AE9DF5}.Debug|x86.Build.0 = Debug|Win32
		{2E6DC260-2244-429F-B9C8-CF8A38AE9DF5}.Release|x64.ActiveCfg = Release|x64
		{2E6DC260-2244-429F-B9C8-CF8A38AE9DF5}.Release|x64.Build.0 = Release|x64
		{2E6DC260-2244-429F-B9C8-CF8A38AE9DF5}.Release|x86.ActiveCfg = Release|Win32
		{2E6DC260-2244-429F-B9C8-CF8A38AE9DF5}.Release|x86.Build.0 = Release|Win32
	EndGlobalSection
	GlobalSection(SolutionProperties) = preSolution
		HideSolutionNode = FALSE
	EndGlobalSection
	GlobalSection(ExtensibilityGlobals) = postSolution
		SolutionGuid = {AE919F56-2AAB-4CF3-98CE-B8AF04D7D8D2}
	EndGlobalSection
EndGlobal
